[[package]]
name = "cvxopt"
version = "1.2.6"
description = "Convex optimization package"
category = "main"
optional = false
python-versions = "*"

[[package]]
name = "cvxpy"
version = "1.1.13"
description = "A domain-specific language for modeling convex optimization problems in Python."
category = "main"
optional = false
python-versions = ">=3.6"

[package.dependencies]
ecos = ">=2"
numpy = ">=1.15"
osqp = ">=0.4.1"
scipy = ">=1.1.0"
scs = ">=1.1.6"

[[package]]
name = "ecos"
version = "2.0.7.post1"
description = "This is the Python package for ECOS: Embedded Cone Solver. See Github page for more information."
category = "main"
optional = false
python-versions = "*"

[package.dependencies]
numpy = ">=1.6"
scipy = ">=0.9"

[[package]]
name = "numpy"
version = "1.21.0"
description = "NumPy is the fundamental package for array computing with Python."
category = "main"
optional = false
python-versions = ">=3.7"

[[package]]
name = "osqp"
version = "0.6.2.post0"
description = "OSQP: The Operator Splitting QP Solver"
category = "main"
optional = false
python-versions = "*"

[package.dependencies]
numpy = ">=1.7"
qdldl = "*"
scipy = ">=0.13.2"

[[package]]
name = "pandas"
version = "1.1.5"
description = "Powerful data structures for data analysis, time series, and statistics"
category = "main"
optional = false
python-versions = ">=3.6.1"

[package.dependencies]
numpy = ">=1.15.4"
python-dateutil = ">=2.7.3"
pytz = ">=2017.2"

[package.extras]
test = ["pytest (>=4.0.2)", "pytest-xdist", "hypothesis (>=3.58)"]

[[package]]
name = "pyreadr"
version = "0.4.2"
description = "Reads/writes R RData and Rds files into/from pandas data frames."
category = "main"
optional = false
python-versions = "*"

[package.dependencies]
pandas = ">0.24.0"

[[package]]
name = "python-dateutil"
version = "2.8.1"
description = "Extensions to the standard Python datetime module"
category = "main"
optional = false
python-versions = "!=3.0.*,!=3.1.*,!=3.2.*,>=2.7"

[package.dependencies]
six = ">=1.5"

[[package]]
name = "pytz"
version = "2021.1"
description = "World timezone definitions, modern and historical"
category = "main"
optional = false
python-versions = "*"

[[package]]
name = "qdldl"
version = "0.1.5.post0"
description = "QDLDL, a free LDL factorization routine."
category = "main"
optional = false
python-versions = "*"

[package.dependencies]
numpy = ">=1.7"
scipy = ">=0.13.2"

[[package]]
name = "scipy"
version = "1.6.1"
description = "SciPy: Scientific Library for Python"
category = "main"
optional = false
python-versions = ">=3.7"

[package.dependencies]
numpy = ">=1.16.5"

[[package]]
name = "scs"
version = "2.1.4"
description = "scs: splitting conic solver"
category = "main"
optional = false
python-versions = "*"

[package.dependencies]
numpy = ">=1.7"
scipy = ">=0.13.2"

[[package]]
name = "six"
version = "1.16.0"
description = "Python 2 and 3 compatibility utilities"
category = "main"
optional = false
python-versions = ">=2.7, !=3.0.*, !=3.1.*, !=3.2.*"

[metadata]
lock-version = "1.1"
python-versions = "^3.7"
content-hash = "ff59801afa34fd9ff8511efa7188bd231ff933b1d5543c40fdf1e62d9fa7ea84"

[metadata.files]
cvxopt = [
    {file = "cvxopt-1.2.6-cp27-cp27m-macosx_10_9_x86_64.whl", hash = "sha256:b5b2288a467c0c3996899c10783c8d78878aeb01d43a66697e9993ff76ac5cae"},
    {file = "cvxopt-1.2.6-cp27-cp27m-manylinux1_i686.whl", hash = "sha256:c57d7d2347ba98432a2ed5af3169026db6d191274c49fccb5357a7cdfb410e5b"},
    {file = "cvxopt-1.2.6-cp27-cp27m-manylinux1_x86_64.whl", hash = "sha256:0cd32bed5fec871d36d32f0a86c927e2837b9c60fc23b6f777108c3a95f248e5"},
    {file = "cvxopt-1.2.6-cp27-cp27mu-manylinux1_i686.whl", hash = "sha256:0b335bf18f7e42326105f9090e5bb7bbdecfce3c3b4c612ca4e538b00383e937"},
    {file = "cvxopt-1.2.6-cp27-cp27mu-manylinux1_x86_64.whl", hash = "sha256:97f7624837bd2e072bd909d4c53155b13a427dac6e0c2ea3d5e471443c289489"},
    {file = "cvxopt-1.2.6-cp35-cp35m-macosx_10_6_intel.whl", hash = "sha256:5980abb9a7e43a072dfd95e7c542e43afc2cb487f11000e33be2854dafcf15fe"},
    {file = "cvxopt-1.2.6-cp35-cp35m-manylinux1_x86_64.whl", hash = "sha256:5f2e9e308d931bd52f4dbb55073edebd03073e5f1627f82959da4b95321f89dd"},
    {file = "cvxopt-1.2.6-cp35-cp35m-win32.whl", hash = "sha256:fa5568d4d64e4cc24da4094c0066c67308e805287a742ad298f122f0cad360ca"},
    {file = "cvxopt-1.2.6-cp35-cp35m-win_amd64.whl", hash = "sha256:d505932dfe734ff14ee0c3c04fc5618bb7cc744f59e0edfed4a8851deab8ee42"},
    {file = "cvxopt-1.2.6-cp36-cp36m-macosx_10_9_x86_64.whl", hash = "sha256:6ab795743b0e42529d015b889576783a1264e6056417f54870c42db191482065"},
    {file = "cvxopt-1.2.6-cp36-cp36m-manylinux1_x86_64.whl", hash = "sha256:fb1149e2764e5284b560434cbc5ee7e60199fc7eaf850d5ba26d02fbc24d4006"},
    {file = "cvxopt-1.2.6-cp36-cp36m-win32.whl", hash = "sha256:7db648536ecef417df42108b7b779891946a6cc791b74e843d23d846c5576d1a"},
    {file = "cvxopt-1.2.6-cp36-cp36m-win_amd64.whl", hash = "sha256:7cd9f1c8404ed507257550f485b3394b1a38087da4ff70032dca964a73e138f3"},
    {file = "cvxopt-1.2.6-cp37-cp37m-macosx_10_9_x86_64.whl", hash = "sha256:1e76dabd13377f6876073041beee67e4613879a1ac6a572a9254aafa8ca7f7fe"},
    {file = "cvxopt-1.2.6-cp37-cp37m-manylinux1_x86_64.whl", hash = "sha256:368caf7d2130670e6e48af0d611ae41713a98d7643f7d64a6aeabefad50e76c4"},
    {file = "cvxopt-1.2.6-cp37-cp37m-win32.whl", hash = "sha256:95b2cd31d57341279e98888479c71496529eade2eccf5582e671ce96ef575c38"},
    {file = "cvxopt-1.2.6-cp37-cp37m-win_amd64.whl", hash = "sha256:f343ddd406caec05408d007e313022a073a7466c0356ac96e20256d0b542916b"},
    {file = "cvxopt-1.2.6-cp38-cp38-macosx_10_9_x86_64.whl", hash = "sha256:fdeb3ce110708229ee4acbd4c894ffe031e2dafb2ba6469068fed0cc20671b89"},
    {file = "cvxopt-1.2.6-cp38-cp38-manylinux1_x86_64.whl", hash = "sha256:c420cf196c8d2733022f29e77ace46871b82f2f2a25edcb585a20c0c76bec02d"},
    {file = "cvxopt-1.2.6-cp38-cp38-win32.whl", hash = "sha256:ba75971b78777ec10361de81a1feb6f27757b505054dbe3cfde5a4f19cccbe2e"},
    {file = "cvxopt-1.2.6-cp38-cp38-win_amd64.whl", hash = "sha256:b7a9ee4d3ecdd0f2a190e935613073c15594b52f581e0327ba4e869277f793f7"},
    {file = "cvxopt-1.2.6-cp39-cp39-macosx_10_9_x86_64.whl", hash = "sha256:edae9dafec8f52594ae6312b9ff811ad10d0504ca935e09aa66a309e6d7c2397"},
    {file = "cvxopt-1.2.6-cp39-cp39-manylinux1_x86_64.whl", hash = "sha256:2bac183859127ebc473b9bc66be17c0dbc8a3c8bd0939d460cfe6d141bc545db"},
    {file = "cvxopt-1.2.6-cp39-cp39-win32.whl", hash = "sha256:3eb14814b7b79f765e107c50b0961e71d47a36a760ccf3f1fde2ca65d75a9f11"},
    {file = "cvxopt-1.2.6-cp39-cp39-win_amd64.whl", hash = "sha256:6e05d9f541368950bfb7b0ab1f648087397a60728fd4699fe29e90462931ac39"},
    {file = "cvxopt-1.2.6.tar.gz", hash = "sha256:a4c433706fd0ad9d47e7f222773a7f7601766fb8e74b633524b3c3fce29aa73e"},
]
cvxpy = [
    {file = "cvxpy-1.1.13-cp36-cp36m-macosx_10_9_x86_64.whl", hash = "sha256:bef18063e2f0972ed1d0e3aa7e4023539c08b4263a2d4c1b38f566be321f87f9"},
    {file = "cvxpy-1.1.13-cp36-cp36m-manylinux_2_24_x86_64.whl", hash = "sha256:32307d35c68fd6951bfcf52c4954a298204c098c667162dd7067bae79fbbd157"},
    {file = "cvxpy-1.1.13-cp36-cp36m-win_amd64.whl", hash = "sha256:bd141b2020e61f9defa4844c62dcd48ea586a79b7d4cb1ed3eca40153956f64f"},
    {file = "cvxpy-1.1.13-cp37-cp37m-macosx_10_9_x86_64.whl", hash = "sha256:7f74c0c200f4e1a28bd4e16b0deb85ed284a95d61c35df9a740dac8bf019853c"},
    {file = "cvxpy-1.1.13-cp37-cp37m-manylinux_2_24_x86_64.whl", hash = "sha256:12410725c1ae5c269472510a36071a83478f004c501452a9b0be0625fa69e1e7"},
    {file = "cvxpy-1.1.13-cp38-cp38-macosx_10_9_x86_64.whl", hash = "sha256:69a8af1f306bddf9da545ae4bc24c9b960dd6f9597482de79e029bda78a25011"},
    {file = "cvxpy-1.1.13-cp38-cp38-manylinux_2_24_x86_64.whl", hash = "sha256:c9862eace2b16906c7feea31a8af1f3f3ec52956c9bb7c27bc252f95d9757151"},
    {file = "cvxpy-1.1.13-cp38-cp38-win_amd64.whl", hash = "sha256:1d0c1a30dcc2ef410028eed98862b131b4e08c94b8ace7388545d87dd519e312"},
    {file = "cvxpy-1.1.13-cp39-cp39-macosx_10_9_x86_64.whl", hash = "sha256:d246a237499510934c49250f69eaf6393d97976f7237f2079674c61cc0cdcd7d"},
    {file = "cvxpy-1.1.13-cp39-cp39-manylinux_2_24_x86_64.whl", hash = "sha256:8334e5f51732341e97c637d27f8be3e70bb995b7289fd517535f7e10dcd0f42e"},
    {file = "cvxpy-1.1.13-cp39-cp39-win_amd64.whl", hash = "sha256:331f7277cefac3eec64755dd15fc5c5c692440e460dc564e288b7f88d3d8b795"},
    {file = "cvxpy-1.1.13-py3.6-win-amd64.egg", hash = "sha256:8eb8d55b1968dfe7dd8d778b31bf0eee9654b252572b916467f94916a840b7cf"},
    {file = "cvxpy-1.1.13-py3.8-win-amd64.egg", hash = "sha256:5d118155f4024976f547be2c78d7d0eaea469d4856ad302122d387b4e0d09702"},
    {file = "cvxpy-1.1.13-py3.9-win-amd64.egg", hash = "sha256:87cfd0918ab1332dca342231112af811b6c0bd799c64fe5de30bff1c5b1ce670"},
    {file = "cvxpy-1.1.13.tar.gz", hash = "sha256:a9c781e74ad76097b47b86456cb3a943898f7ec9ac8f47bcefc922051cdc4a04"},
]
ecos = [
    {file = "ecos-2.0.7.post1-cp27-cp27m-macosx_10_13_x86_64.whl", hash = "sha256:dd9f01e28fe58894fb394931804884122606fb4e2a59d4514b803e9cd11b7d2b"},
    {file = "ecos-2.0.7.post1-cp27-cp27m-manylinux1_i686.whl", hash = "sha256:db7433051f6072d4821ebc582e9ff853d7d631ed98770550d248eae70b29dd26"},
    {file = "ecos-2.0.7.post1-cp27-cp27m-manylinux1_x86_64.whl", hash = "sha256:96ddc1c4e440820bb343c44785da480a64a9c468ec467b997e40f0c7d3236226"},
    {file = "ecos-2.0.7.post1-cp27-cp27m-win32.whl", hash = "sha256:574fa26661d192e48551a30e217296875020fdb7eebf9a072a14d68a0b9de03a"},
    {file = "ecos-2.0.7.post1-cp27-cp27mu-manylinux1_i686.whl", hash = "sha256:7c871b7a49a5855e7df0d60a06d0e2148a4b183d612f7db5e155988629c3ec21"},
    {file = "ecos-2.0.7.post1-cp27-cp27mu-manylinux1_x86_64.whl", hash = "sha256:845455f99cd579ee0cdfbcea675b4e4f7674b563e6a54a225977fc0819cda7e0"},
    {file = "ecos-2.0.7.post1-cp34-cp34m-manylinux1_i686.whl", hash = "sha256:e002df0f4b6777be68c73756e60f3cf76cb5f2f7d36c4f1a482c5538aac1a287"},
    {file = "ecos-2.0.7.post1-cp34-cp34m-manylinux1_x86_64.whl", hash = "sha256:feda86ddd191b1ae34d5ea615743894d1baa800f2dbb552cb7c7095a87037831"},
    {file = "ecos-2.0.7.post1-cp34-cp34m-win32.whl", hash = "sha256:6b0829b76ba49f6ebf8b9512673a0b702b756704927cbb106043e1b2273dadea"},
    {file = "ecos-2.0.7.post1-cp34-cp34m-win_amd64.whl", hash = "sha256:54f7c480029fbfa738ddb8e538388868b2a17c9189a426d924ca0c36e4cbbbd5"},
    {file = "ecos-2.0.7.post1-cp35-cp35m-manylinux1_i686.whl", hash = "sha256:1f811e7244a58a7037474b3dead85c7ffd524cf631c90584cc544e438f114cf9"},
    {file = "ecos-2.0.7.post1-cp35-cp35m-manylinux1_x86_64.whl", hash = "sha256:72657189f71dbde01d1df841d2139e04da17071c8d3270919c8501f239d8c8e4"},
    {file = "ecos-2.0.7.post1-cp35-cp35m-win32.whl", hash = "sha256:30e7e9c5ad8a012ba1f69aa6827beb99f208323f678a82fcccc30e4ab8090aad"},
    {file = "ecos-2.0.7.post1-cp35-cp35m-win_amd64.whl", hash = "sha256:94dd0f82a18550232e4924e6c42730c46d7cdc03c4e2dc889e98ec97c0f24061"},
    {file = "ecos-2.0.7.post1-cp36-cp36m-macosx_10_13_x86_64.whl", hash = "sha256:361758a3568eb5a3a9b37c00a22b36f9548bbd0cd21f1da904a3627285bb4274"},
    {file = "ecos-2.0.7.post1-cp36-cp36m-manylinux1_i686.whl", hash = "sha256:831acb6bac205025ffe87002d8f425d2764a70db3d9d053a1f7e0e50bc2a18b9"},
    {file = "ecos-2.0.7.post1-cp36-cp36m-manylinux1_x86_64.whl", hash = "sha256:912b17f72476aff33b32e92decd7c02ddb929db28227563b3750948783cff6f4"},
    {file = "ecos-2.0.7.post1-cp36-cp36m-win32.whl", hash = "sha256:4fdfee011853cd07d494ef58a9299b1f0ccf0268c375109cb2b60727f746ea74"},
    {file = "ecos-2.0.7.post1-cp36-cp36m-win_amd64.whl", hash = "sha256:fb64fb29aef26474f807df4f0c198a6d192291edc9faa3bb05e3bc9b1e2b960a"},
    {file = "ecos-2.0.7.post1-cp37-cp37m-manylinux1_i686.whl", hash = "sha256:4b3068ef023c4f39f6c0d6fd73d27d8a8008f8b14e1f4ddd8d0f4876e841b986"},
    {file = "ecos-2.0.7.post1-cp37-cp37m-manylinux1_x86_64.whl", hash = "sha256:4f775caf828597d094cddae54f7ed12b4a5aa760f535a92ccabec47741e4d61c"},
    {file = "ecos-2.0.7.post1.tar.gz", hash = "sha256:83e90f42b3f32e2a93f255c3cfad2da78dbd859119e93844c45d2fca20bdc758"},
]
numpy = [
    {file = "numpy-1.21.0-cp37-cp37m-macosx_10_9_x86_64.whl", hash = "sha256:d5caa946a9f55511e76446e170bdad1d12d6b54e17a2afe7b189112ed4412bb8"},
    {file = "numpy-1.21.0-cp37-cp37m-manylinux_2_12_i686.manylinux2010_i686.whl", hash = "sha256:ac4fd578322842dbda8d968e3962e9f22e862b6ec6e3378e7415625915e2da4d"},
    {file = "numpy-1.21.0-cp37-cp37m-manylinux_2_12_x86_64.manylinux2010_x86_64.whl", hash = "sha256:598fe100b2948465cf3ed64b1a326424b5e4be2670552066e17dfaa67246011d"},
    {file = "numpy-1.21.0-cp37-cp37m-manylinux_2_17_aarch64.manylinux2014_aarch64.whl", hash = "sha256:7c55407f739f0bfcec67d0df49103f9333edc870061358ac8a8c9e37ea02fcd2"},
    {file = "numpy-1.21.0-cp37-cp37m-manylinux_2_5_i686.manylinux1_i686.whl", hash = "sha256:75579acbadbf74e3afd1153da6177f846212ea2a0cc77de53523ae02c9256513"},
    {file = "numpy-1.21.0-cp37-cp37m-manylinux_2_5_x86_64.manylinux1_x86_64.whl", hash = "sha256:cc367c86eb87e5b7c9592935620f22d13b090c609f1b27e49600cd033b529f54"},
    {file = "numpy-1.21.0-cp37-cp37m-win32.whl", hash = "sha256:d89b0dc7f005090e32bb4f9bf796e1dcca6b52243caf1803fdd2b748d8561f63"},
    {file = "numpy-1.21.0-cp37-cp37m-win_amd64.whl", hash = "sha256:eda2829af498946c59d8585a9fd74da3f810866e05f8df03a86f70079c7531dd"},
    {file = "numpy-1.21.0-cp38-cp38-macosx_10_9_universal2.whl", hash = "sha256:1a784e8ff7ea2a32e393cc53eb0003eca1597c7ca628227e34ce34eb11645a0e"},
    {file = "numpy-1.21.0-cp38-cp38-macosx_10_9_x86_64.whl", hash = "sha256:bba474a87496d96e61461f7306fba2ebba127bed7836212c360f144d1e72ac54"},
    {file = "numpy-1.21.0-cp38-cp38-macosx_11_0_arm64.whl", hash = "sha256:fd0a359c1c17f00cb37de2969984a74320970e0ceef4808c32e00773b06649d9"},
    {file = "numpy-1.21.0-cp38-cp38-manylinux_2_12_i686.manylinux2010_i686.whl", hash = "sha256:e4d5a86a5257843a18fb1220c5f1c199532bc5d24e849ed4b0289fb59fbd4d8f"},
    {file = "numpy-1.21.0-cp38-cp38-manylinux_2_12_x86_64.manylinux2010_x86_64.whl", hash = "sha256:620732f42259eb2c4642761bd324462a01cdd13dd111740ce3d344992dd8492f"},
    {file = "numpy-1.21.0-cp38-cp38-manylinux_2_17_aarch64.manylinux2014_aarch64.whl", hash = "sha256:b9205711e5440954f861ceeea8f1b415d7dd15214add2e878b4d1cf2bcb1a914"},
    {file = "numpy-1.21.0-cp38-cp38-manylinux_2_5_i686.manylinux1_i686.whl", hash = "sha256:ad09f55cc95ed8d80d8ab2052f78cc21cb231764de73e229140d81ff49d8145e"},
    {file = "numpy-1.21.0-cp38-cp38-manylinux_2_5_x86_64.manylinux1_x86_64.whl", hash = "sha256:a1f2fb2da242568af0271455b89aee0f71e4e032086ee2b4c5098945d0e11cf6"},
    {file = "numpy-1.21.0-cp38-cp38-win32.whl", hash = "sha256:e58ddb53a7b4959932f5582ac455ff90dcb05fac3f8dcc8079498d43afbbde6c"},
    {file = "numpy-1.21.0-cp38-cp38-win_amd64.whl", hash = "sha256:d2910d0a075caed95de1a605df00ee03b599de5419d0b95d55342e9a33ad1fb3"},
    {file = "numpy-1.21.0-cp39-cp39-macosx_10_9_universal2.whl", hash = "sha256:a290989cd671cd0605e9c91a70e6df660f73ae87484218e8285c6522d29f6e38"},
    {file = "numpy-1.21.0-cp39-cp39-macosx_10_9_x86_64.whl", hash = "sha256:3537b967b350ad17633b35c2f4b1a1bbd258c018910b518c30b48c8e41272717"},
    {file = "numpy-1.21.0-cp39-cp39-macosx_11_0_arm64.whl", hash = "sha256:ccc6c650f8700ce1e3a77668bb7c43e45c20ac06ae00d22bdf6760b38958c883"},
    {file = "numpy-1.21.0-cp39-cp39-manylinux_2_12_i686.manylinux2010_i686.whl", hash = "sha256:709884863def34d72b183d074d8ba5cfe042bc3ff8898f1ffad0209161caaa99"},
    {file = "numpy-1.21.0-cp39-cp39-manylinux_2_12_x86_64.manylinux2010_x86_64.whl", hash = "sha256:bebab3eaf0641bba26039fb0b2c5bf9b99407924b53b1ea86e03c32c64ef5aef"},
    {file = "numpy-1.21.0-cp39-cp39-manylinux_2_17_aarch64.manylinux2014_aarch64.whl", hash = "sha256:cf680682ad0a3bef56dae200dbcbac2d57294a73e5b0f9864955e7dd7c2c2491"},
    {file = "numpy-1.21.0-cp39-cp39-win32.whl", hash = "sha256:d95d16204cd51ff1a1c8d5f9958ce90ae190be81d348b514f9be39f878b8044a"},
    {file = "numpy-1.21.0-cp39-cp39-win_amd64.whl", hash = "sha256:2ba579dde0563f47021dcd652253103d6fd66165b18011dce1a0609215b2791e"},
    {file = "numpy-1.21.0-pp37-pypy37_pp73-manylinux_2_12_x86_64.manylinux2010_x86_64.whl", hash = "sha256:3c40e6b860220ed862e8097b8f81c9af6d7405b723f4a7af24a267b46f90e461"},
    {file = "numpy-1.21.0.zip", hash = "sha256:e80fe25cba41c124d04c662f33f6364909b985f2eb5998aaa5ae4b9587242cce"},
]
osqp = [
    {file = "osqp-0.6.2.post0-cp35-cp35m-macosx_10_9_x86_64.whl", hash = "sha256:21047e9ceb4c2224ba15dd95f5125e2dcabd178aa93d8efa407e67216ea4fe62"},
    {file = "osqp-0.6.2.post0-cp35-cp35m-manylinux1_x86_64.whl", hash = "sha256:598a7bb1534a0ab69bcaf22d6e6c4ec042a41184f007c01b7fa863b528c6b61d"},
    {file = "osqp-0.6.2.post0-cp35-cp35m-manylinux2014_x86_64.whl", hash = "sha256:6b745ba55add8be63eaee059858b7c0cf59925074fcc8355c17c3863fad01a95"},
    {file = "osqp-0.6.2.post0-cp35-cp35m-win_amd64.whl", hash = "sha256:1104dd56d6bfe5ac5e5e076e1cf9e2be76932cadae4e0cfbdf495f3f43e4f8fa"},
    {file = "osqp-0.6.2.post0-cp36-cp36m-macosx_10_9_x86_64.whl", hash = "sha256:6f89feaf7c30dfb5031b370e8c45aed23a60d6471606bad9b7d23506ddf807e6"},
    {file = "osqp-0.6.2.post0-cp36-cp36m-manylinux1_x86_64.whl", hash = "sha256:198b66cbe9326ef181f7598856aae20dcc5b7824b119cc119b412206e858bc28"},
    {file = "osqp-0.6.2.post0-cp36-cp36m-manylinux2014_x86_64.whl", hash = "sha256:9aaecd3ed00a99d063e5bd45ebce965d1ebc8f4754d6c05ab5d31c3577a68513"},
    {file = "osqp-0.6.2.post0-cp36-cp36m-win_amd64.whl", hash = "sha256:2d150d880dc5bee015aadac6cff32ab0c2721cd4bb8a3f5b1f0cec819fe70b39"},
    {file = "osqp-0.6.2.post0-cp37-cp37m-macosx_10_9_x86_64.whl", hash = "sha256:20cd6a352694cc182bb79a8e19e4e03b7970ecb4b95d6abf86e3c578a45783a9"},
    {file = "osqp-0.6.2.post0-cp37-cp37m-manylinux1_x86_64.whl", hash = "sha256:96e42524dd156f62ac8e35d71831588acb2919b5ba27e0e695c757539708dfa5"},
    {file = "osqp-0.6.2.post0-cp37-cp37m-manylinux2014_x86_64.whl", hash = "sha256:d6dd2b70ffcee6089758518620087a5909a10621a59493be8ce0ef2a74502a27"},
    {file = "osqp-0.6.2.post0-cp37-cp37m-win_amd64.whl", hash = "sha256:7c9f7e661fe2da984eab6533a56b5366f10a7360a28b8dd18c222fcf6655e247"},
    {file = "osqp-0.6.2.post0-cp38-cp38-macosx_10_9_x86_64.whl", hash = "sha256:b102c26b2017b039032797a388548dcfe11dbd3d06b3294721fa65976fe1065e"},
    {file = "osqp-0.6.2.post0-cp38-cp38-manylinux1_x86_64.whl", hash = "sha256:a835746179c81944e51a6a2e0efb0aca66402be351af912bfd682527f15a35a7"},
    {file = "osqp-0.6.2.post0-cp38-cp38-manylinux2014_x86_64.whl", hash = "sha256:57f5026b91bb8f39059576c5ee50c0a1c2705d775a776e2e24be2aa47e63d8b0"},
    {file = "osqp-0.6.2.post0-cp38-cp38-win_amd64.whl", hash = "sha256:fb0d77e634362fe59ab2bedba3dde40d5357922e9719bcb4d16a99766cefd5a2"},
    {file = "osqp-0.6.2.post0-cp39-cp39-macosx_10_9_x86_64.whl", hash = "sha256:6e21463d97bcab58350a41a975e9e5e4a685087b6357899a58813d2238795315"},
    {file = "osqp-0.6.2.post0-cp39-cp39-manylinux1_x86_64.whl", hash = "sha256:02fdbabfffd72a8118328d117a83998800ca015182053fced9d5e8be6ffd702a"},
    {file = "osqp-0.6.2.post0-cp39-cp39-manylinux2014_x86_64.whl", hash = "sha256:b238b9049a29f6955f08567b285b0734dd578b529a3780d617854ffd91e5e4ed"},
    {file = "osqp-0.6.2.post0-cp39-cp39-win_amd64.whl", hash = "sha256:2c6cb14fd1365004d0e7a01f6101e16414a0348db736ee45aac8865fac165e57"},
    {file = "osqp-0.6.2.post0.tar.gz", hash = "sha256:5f0695f26a3bef0fae91254bc283fab790dcca0064bfe0f425167f9c9e8b4cbc"},
]
pandas = [
    {file = "pandas-1.1.5-cp36-cp36m-macosx_10_9_x86_64.whl", hash = "sha256:bf23a3b54d128b50f4f9d4675b3c1857a688cc6731a32f931837d72effb2698d"},
    {file = "pandas-1.1.5-cp36-cp36m-manylinux1_i686.whl", hash = "sha256:5a780260afc88268a9d3ac3511d8f494fdcf637eece62fb9eb656a63d53eb7ca"},
    {file = "pandas-1.1.5-cp36-cp36m-manylinux1_x86_64.whl", hash = "sha256:b61080750d19a0122469ab59b087380721d6b72a4e7d962e4d7e63e0c4504814"},
    {file = "pandas-1.1.5-cp36-cp36m-manylinux2014_aarch64.whl", hash = "sha256:0de3ddb414d30798cbf56e642d82cac30a80223ad6fe484d66c0ce01a84d6f2f"},
    {file = "pandas-1.1.5-cp36-cp36m-win32.whl", hash = "sha256:70865f96bb38fec46f7ebd66d4b5cfd0aa6b842073f298d621385ae3898d28b5"},
    {file = "pandas-1.1.5-cp36-cp36m-win_amd64.whl", hash = "sha256:19a2148a1d02791352e9fa637899a78e371a3516ac6da5c4edc718f60cbae648"},
    {file = "pandas-1.1.5-cp37-cp37m-macosx_10_9_x86_64.whl", hash = "sha256:26fa92d3ac743a149a31b21d6f4337b0594b6302ea5575b37af9ca9611e8981a"},
    {file = "pandas-1.1.5-cp37-cp37m-manylinux1_i686.whl", hash = "sha256:c16d59c15d946111d2716856dd5479221c9e4f2f5c7bc2d617f39d870031e086"},
    {file = "pandas-1.1.5-cp37-cp37m-manylinux1_x86_64.whl", hash = "sha256:3be7a7a0ca71a2640e81d9276f526bca63505850add10206d0da2e8a0a325dae"},
    {file = "pandas-1.1.5-cp37-cp37m-manylinux2014_aarch64.whl", hash = "sha256:573fba5b05bf2c69271a32e52399c8de599e4a15ab7cec47d3b9c904125ab788"},
    {file = "pandas-1.1.5-cp37-cp37m-win32.whl", hash = "sha256:21b5a2b033380adbdd36b3116faaf9a4663e375325831dac1b519a44f9e439bb"},
    {file = "pandas-1.1.5-cp37-cp37m-win_amd64.whl", hash = "sha256:24c7f8d4aee71bfa6401faeba367dd654f696a77151a8a28bc2013f7ced4af98"},
    {file = "pandas-1.1.5-cp38-cp38-macosx_10_9_x86_64.whl", hash = "sha256:2860a97cbb25444ffc0088b457da0a79dc79f9c601238a3e0644312fcc14bf11"},
    {file = "pandas-1.1.5-cp38-cp38-manylinux1_i686.whl", hash = "sha256:5008374ebb990dad9ed48b0f5d0038124c73748f5384cc8c46904dace27082d9"},
    {file = "pandas-1.1.5-cp38-cp38-manylinux1_x86_64.whl", hash = "sha256:2c2f7c670ea4e60318e4b7e474d56447cf0c7d83b3c2a5405a0dbb2600b9c48e"},
    {file = "pandas-1.1.5-cp38-cp38-manylinux2014_aarch64.whl", hash = "sha256:0a643bae4283a37732ddfcecab3f62dd082996021b980f580903f4e8e01b3c5b"},
    {file = "pandas-1.1.5-cp38-cp38-win32.whl", hash = "sha256:5447ea7af4005b0daf695a316a423b96374c9c73ffbd4533209c5ddc369e644b"},
    {file = "pandas-1.1.5-cp38-cp38-win_amd64.whl", hash = "sha256:4c62e94d5d49db116bef1bd5c2486723a292d79409fc9abd51adf9e05329101d"},
    {file = "pandas-1.1.5-cp39-cp39-macosx_10_9_x86_64.whl", hash = "sha256:731568be71fba1e13cae212c362f3d2ca8932e83cb1b85e3f1b4dd77d019254a"},
    {file = "pandas-1.1.5-cp39-cp39-manylinux1_i686.whl", hash = "sha256:c61c043aafb69329d0f961b19faa30b1dab709dd34c9388143fc55680059e55a"},
    {file = "pandas-1.1.5-cp39-cp39-manylinux1_x86_64.whl", hash = "sha256:2b1c6cd28a0dfda75c7b5957363333f01d370936e4c6276b7b8e696dd500582a"},
    {file = "pandas-1.1.5-cp39-cp39-win32.whl", hash = "sha256:c94ff2780a1fd89f190390130d6d36173ca59fcfb3fe0ff596f9a56518191ccb"},
    {file = "pandas-1.1.5-cp39-cp39-win_amd64.whl", hash = "sha256:edda9bacc3843dfbeebaf7a701763e68e741b08fccb889c003b0a52f0ee95782"},
    {file = "pandas-1.1.5.tar.gz", hash = "sha256:f10fc41ee3c75a474d3bdf68d396f10782d013d7f67db99c0efbfd0acb99701b"},
]
pyreadr = [
    {file = "pyreadr-0.4.2-cp36-cp36m-macosx_10_9_x86_64.whl", hash = "sha256:9a43de79b62a9a6462060b41211a4348f689d97b4d8a69bc0391b2eaa4a2a518"},
    {file = "pyreadr-0.4.2-cp36-cp36m-manylinux_2_17_i686.manylinux2014_i686.whl", hash = "sha256:c6b339c47766fa8548e946b21e53f4773ad78ba12322c6369524cac562768358"},
    {file = "pyreadr-0.4.2-cp36-cp36m-manylinux_2_17_x86_64.manylinux2014_x86_64.whl", hash = "sha256:7ab3a5cf1376eb615606a965796bb3be610f0354cc88eb8a17d9e56a5a7f34d4"},
    {file = "pyreadr-0.4.2-cp36-cp36m-win_amd64.whl", hash = "sha256:43c515dfcd437af8a255f39c970b4db56610b9b97963be1150bf84bd364f0f53"},
    {file = "pyreadr-0.4.2-cp37-cp37m-macosx_10_9_x86_64.whl", hash = "sha256:5a2d3982db3654a8705c2268b41cfb10e6ee7ddc6b28fb9dc5c7ad053d41dfba"},
    {file = "pyreadr-0.4.2-cp37-cp37m-manylinux_2_17_i686.manylinux2014_i686.whl", hash = "sha256:c830a401389a59aebd755f180ace585b9d17095878bef09af18961ae59147dd1"},
    {file = "pyreadr-0.4.2-cp37-cp37m-manylinux_2_17_x86_64.manylinux2014_x86_64.whl", hash = "sha256:a39eff8af01759a4891be6f80111c9f4bf14e3438e184ad3de62247ddba8b520"},
    {file = "pyreadr-0.4.2-cp37-cp37m-win_amd64.whl", hash = "sha256:12aa06a9508d543b0c2c60d38e70b03663719f5c8d36ba5ada21d35f1aef4ec7"},
    {file = "pyreadr-0.4.2-cp38-cp38-macosx_10_9_x86_64.whl", hash = "sha256:848aa89ed7773d927e4ecc26a304d2e289ee1f5dbcecb447839173dcc15cbefa"},
    {file = "pyreadr-0.4.2-cp38-cp38-manylinux_2_17_i686.manylinux2014_i686.whl", hash = "sha256:e0c261a7e253771f96bfa69dbdc0395f4f9feae1ab5e52d952c52544ba21884c"},
    {file = "pyreadr-0.4.2-cp38-cp38-manylinux_2_17_x86_64.manylinux2014_x86_64.whl", hash = "sha256:fe44cff6849054c469714054c6cfeb772542cb8042396c81fc0dbcb107f5a506"},
    {file = "pyreadr-0.4.2-cp38-cp38-win_amd64.whl", hash = "sha256:d922a055dc08d46b46d2591d9af79f3d36a1c5ca649ed57da92005ac6beed444"},
    {file = "pyreadr-0.4.2-cp39-cp39-macosx_10_9_x86_64.whl", hash = "sha256:b6d2c6da417ca4718f42f32d74fd8a782f5888f066c8206ad0a27577bb6b1711"},
    {file = "pyreadr-0.4.2-cp39-cp39-manylinux_2_17_i686.manylinux2014_i686.whl", hash = "sha256:e73e793fe208cd28d417fdebeab6f149f3cc58d7db477b15151491f5f416e929"},
    {file = "pyreadr-0.4.2-cp39-cp39-manylinux_2_17_x86_64.manylinux2014_x86_64.whl", hash = "sha256:50e5060079ca1acd0e14c39ad1f6b24d90968991a4a4b07dcfe17365395836ed"},
    {file = "pyreadr-0.4.2-cp39-cp39-win_amd64.whl", hash = "sha256:7f8eb5307b14f88b45967fc14d301df3cc9b6caaa9306947494702fb7887e2cf"},
    {file = "pyreadr-0.4.2.tar.gz", hash = "sha256:a878d0ee60ae8eff7d58ddb24ae6bfbec23b824040dc9fb3529b7104f039210f"},
]
python-dateutil = [
    {file = "python-dateutil-2.8.1.tar.gz", hash = "sha256:73ebfe9dbf22e832286dafa60473e4cd239f8592f699aa5adaf10050e6e1823c"},
    {file = "python_dateutil-2.8.1-py2.py3-none-any.whl", hash = "sha256:75bb3f31ea686f1197762692a9ee6a7550b59fc6ca3a1f4b5d7e32fb98e2da2a"},
]
pytz = [
    {file = "pytz-2021.1-py2.py3-none-any.whl", hash = "sha256:eb10ce3e7736052ed3623d49975ce333bcd712c7bb19a58b9e2089d4057d0798"},
    {file = "pytz-2021.1.tar.gz", hash = "sha256:83a4a90894bf38e243cf052c8b58f381bfe9a7a483f6a9cab140bc7f702ac4da"},
]
qdldl = [
    {file = "qdldl-0.1.5.post0-cp35-cp35m-macosx_10_9_x86_64.whl", hash = "sha256:787d59b4301608e96bdf32ab3a572d9f41b3ea08581774826720986e18da261e"},
    {file = "qdldl-0.1.5.post0-cp35-cp35m-manylinux2014_x86_64.whl", hash = "sha256:223dd49f4aa625c727c3053e9f62814fab2f929e0575b34dd1f38e66b536a849"},
    {file = "qdldl-0.1.5.post0-cp35-cp35m-win_amd64.whl", hash = "sha256:cd0090d5512a8e386534a755f9ebd8be82087d401746cebbfb9f9faa21073c39"},
    {file = "qdldl-0.1.5.post0-cp36-cp36m-macosx_10_9_x86_64.whl", hash = "sha256:3e5e2ee6b45dd655120ca8d6645331c800c494ce765bc0674714ba86e1ebec7d"},
    {file = "qdldl-0.1.5.post0-cp36-cp36m-manylinux2014_x86_64.whl", hash = "sha256:a2ab0d4618d5516101fc0ce99c873df61a085c3d7cb4d8347d5eca818795e48f"},
    {file = "qdldl-0.1.5.post0-cp36-cp36m-win_amd64.whl", hash = "sha256:ac7a2891628554de6260132fa090c5b00cf32ae083ece4991a43b887ec6f2114"},
    {file = "qdldl-0.1.5.post0-cp37-cp37m-macosx_10_9_x86_64.whl", hash = "sha256:817a226b2450e56c50f61a92b727c69f50a4d043876e5f1bcdff096c5a82bc37"},
    {file = "qdldl-0.1.5.post0-cp37-cp37m-manylinux2014_x86_64.whl", hash = "sha256:c10f91dda6a422a6d879668fd293132c8939431fffe64abd9700dce170a3aec4"},
    {file = "qdldl-0.1.5.post0-cp37-cp37m-win_amd64.whl", hash = "sha256:e70c57ea65d0bb09708bc9ecafd4fb4b797e64af4da475404e6bcf5a2cc92596"},
    {file = "qdldl-0.1.5.post0-cp38-cp38-macosx_10_9_x86_64.whl", hash = "sha256:64f531ef2a12cc77be85045cdffdb2fe339244c73fc07aebe49977541bfc7e79"},
    {file = "qdldl-0.1.5.post0-cp38-cp38-manylinux2014_x86_64.whl", hash = "sha256:cff34b89258a3c9b1b398f1c8eeb480a9c4ae2ba14c4ffc8c78cdb123dab11c6"},
    {file = "qdldl-0.1.5.post0-cp38-cp38-win_amd64.whl", hash = "sha256:3a7ec584aaddff7036d22013c911132572f3d59c65ec6bf7e32beb01765accc4"},
    {file = "qdldl-0.1.5.post0-cp39-cp39-macosx_10_9_x86_64.whl", hash = "sha256:a7c086ae21a2b2e43b31ac6a5024c79dadf16e7c3152eda9e3263cefe1675e26"},
    {file = "qdldl-0.1.5.post0-cp39-cp39-manylinux2014_x86_64.whl", hash = "sha256:2c09f4b1a1c6f3a0579af004443417e084491e7c844ff9fb73170bb5d43f70b5"},
    {file = "qdldl-0.1.5.post0-cp39-cp39-win_amd64.whl", hash = "sha256:640cab781f87c2f1c04ada65615b3d1d136d319c4595176f37e2e3c99149108f"},
    {file = "qdldl-0.1.5.post0.tar.gz", hash = "sha256:c392c7427651d8b226423c7aba4a0f2338a1f38a4bbdabac6bc4afd8bc934f06"},
]
scipy = [
    {file = "scipy-1.6.1-cp37-cp37m-macosx_10_9_x86_64.whl", hash = "sha256:a15a1f3fc0abff33e792d6049161b7795909b40b97c6cc2934ed54384017ab76"},
    {file = "scipy-1.6.1-cp37-cp37m-manylinux1_i686.whl", hash = "sha256:e79570979ccdc3d165456dd62041d9556fb9733b86b4b6d818af7a0afc15f092"},
    {file = "scipy-1.6.1-cp37-cp37m-manylinux1_x86_64.whl", hash = "sha256:a423533c55fec61456dedee7b6ee7dce0bb6bfa395424ea374d25afa262be261"},
    {file = "scipy-1.6.1-cp37-cp37m-manylinux2014_aarch64.whl", hash = "sha256:33d6b7df40d197bdd3049d64e8e680227151673465e5d85723b3b8f6b15a6ced"},
    {file = "scipy-1.6.1-cp37-cp37m-win32.whl", hash = "sha256:6725e3fbb47da428794f243864f2297462e9ee448297c93ed1dcbc44335feb78"},
    {file = "scipy-1.6.1-cp37-cp37m-win_amd64.whl", hash = "sha256:5fa9c6530b1661f1370bcd332a1e62ca7881785cc0f80c0d559b636567fab63c"},
    {file = "scipy-1.6.1-cp38-cp38-macosx_10_9_x86_64.whl", hash = "sha256:bd50daf727f7c195e26f27467c85ce653d41df4358a25b32434a50d8870fc519"},
    {file = "scipy-1.6.1-cp38-cp38-manylinux1_i686.whl", hash = "sha256:f46dd15335e8a320b0fb4685f58b7471702234cba8bb3442b69a3e1dc329c345"},
    {file = "scipy-1.6.1-cp38-cp38-manylinux1_x86_64.whl", hash = "sha256:0e5b0ccf63155d90da576edd2768b66fb276446c371b73841e3503be1d63fb5d"},
    {file = "scipy-1.6.1-cp38-cp38-manylinux2014_aarch64.whl", hash = "sha256:2481efbb3740977e3c831edfd0bd9867be26387cacf24eb5e366a6a374d3d00d"},
    {file = "scipy-1.6.1-cp38-cp38-win32.whl", hash = "sha256:68cb4c424112cd4be886b4d979c5497fba190714085f46b8ae67a5e4416c32b4"},
    {file = "scipy-1.6.1-cp38-cp38-win_amd64.whl", hash = "sha256:5f331eeed0297232d2e6eea51b54e8278ed8bb10b099f69c44e2558c090d06bf"},
    {file = "scipy-1.6.1-cp39-cp39-macosx_10_9_x86_64.whl", hash = "sha256:0c8a51d33556bf70367452d4d601d1742c0e806cd0194785914daf19775f0e67"},
    {file = "scipy-1.6.1-cp39-cp39-manylinux1_i686.whl", hash = "sha256:83bf7c16245c15bc58ee76c5418e46ea1811edcc2e2b03041b804e46084ab627"},
    {file = "scipy-1.6.1-cp39-cp39-manylinux1_x86_64.whl", hash = "sha256:794e768cc5f779736593046c9714e0f3a5940bc6dcc1dba885ad64cbfb28e9f0"},
    {file = "scipy-1.6.1-cp39-cp39-manylinux2014_aarch64.whl", hash = "sha256:5da5471aed911fe7e52b86bf9ea32fb55ae93e2f0fac66c32e58897cfb02fa07"},
    {file = "scipy-1.6.1-cp39-cp39-win32.whl", hash = "sha256:8e403a337749ed40af60e537cc4d4c03febddcc56cd26e774c9b1b600a70d3e4"},
    {file = "scipy-1.6.1-cp39-cp39-win_amd64.whl", hash = "sha256:a5193a098ae9f29af283dcf0041f762601faf2e595c0db1da929875b7570353f"},
    {file = "scipy-1.6.1.tar.gz", hash = "sha256:c4fceb864890b6168e79b0e714c585dbe2fd4222768ee90bc1aa0f8218691b11"},
]
scs = [
    {file = "scs-2.1.4.tar.gz", hash = "sha256:ddd6614db7f0e63b69672cfd02ba2c8423dade33a58b0a341a5119091c501739"},
]
six = [
    {file = "six-1.16.0-py2.py3-none-any.whl", hash = "sha256:8abb2f1d86890a2dfb989f9a77cfcfd3e47c2a354b01111771326f8aa26e0254"},
    {file = "six-1.16.0.tar.gz", hash = "sha256:1e61c37477a1626458e36f7b1d82aa5c9b094fa4802892072e49de9c60c4c926"},
]
